// !$*UTF8*$!
{
	archiveVersion = 1;
	classes = {
	};
	objectVersion = 46;
	objects = {

/* Begin PBXBuildFile section */
		933FAB461FA86E5200B1D38B /* main.cpp in Sources */ = {isa = PBXBuildFile; fileRef = 933FAB451FA86E5200B1D38B /* main.cpp */; };
		933FAB511FA8780600B1D38B /* sampleData.cpp in Sources */ = {isa = PBXBuildFile; fileRef = 933FAB4F1FA8780600B1D38B /* sampleData.cpp */; };
		933FAB561FA87E7900B1D38B /* marketmanager.cpp in Sources */ = {isa = PBXBuildFile; fileRef = 933FAB541FA87E7900B1D38B /* marketmanager.cpp */; };
		933FAB5F1FA898F200B1D38B /* consumermanager.cpp in Sources */ = {isa = PBXBuildFile; fileRef = 933FAB5D1FA898F200B1D38B /* consumermanager.cpp */; };
		934155BD1FA9DB0D00806922 /* mainwindow.cpp in Sources */ = {isa = PBXBuildFile; fileRef = 934155BC1FA9DB0D00806922 /* mainwindow.cpp */; };
		934155CB1FA9E9B000806922 /* OpenGL.framework in Frameworks */ = {isa = PBXBuildFile; fileRef = 934155BF1FA9DE9400806922 /* OpenGL.framework */; };
		937EB68A1FA9EC4800CB2A7F /* libglfw.3.2.dylib in Frameworks */ = {isa = PBXBuildFile; fileRef = 937EB6841FA9EACC00CB2A7F /* libglfw.3.2.dylib */; };
		93FDA80D1FABFF1200DC6770 /* libGLEW.2.1.0.dylib in Frameworks */ = {isa = PBXBuildFile; fileRef = 93FDA80B1FABFDCA00DC6770 /* libGLEW.2.1.0.dylib */; };
/* End PBXBuildFile section */

/* Begin PBXCopyFilesBuildPhase section */
		933FAB401FA86E5200B1D38B /* CopyFiles */ = {
			isa = PBXCopyFilesBuildPhase;
			buildActionMask = 2147483647;
			dstPath = /usr/share/man/man1/;
			dstSubfolderSpec = 0;
			files = (
			);
			runOnlyForDeploymentPostprocessing = 1;
		};
/* End PBXCopyFilesBuildPhase section */

/* Begin PBXFileReference section */
		933FAB421FA86E5200B1D38B /* EconSim */ = {isa = PBXFileReference; explicitFileType = "compiled.mach-o.executable"; includeInIndex = 0; path = EconSim; sourceTree = BUILT_PRODUCTS_DIR; };
		933FAB451FA86E5200B1D38B /* main.cpp */ = {isa = PBXFileReference; lastKnownFileType = sourcecode.cpp.cpp; path = main.cpp; sourceTree = "<group>"; };
		933FAB4C1FA86FD100B1D38B /* good.h */ = {isa = PBXFileReference; lastKnownFileType = sourcecode.c.h; path = good.h; sourceTree = "<group>"; };
		933FAB4F1FA8780600B1D38B /* sampleData.cpp */ = {isa = PBXFileReference; fileEncoding = 4; lastKnownFileType = sourcecode.cpp.cpp; path = sampleData.cpp; sourceTree = "<group>"; };
		933FAB521FA878E900B1D38B /* goodmarket.h */ = {isa = PBXFileReference; lastKnownFileType = sourcecode.c.h; path = goodmarket.h; sourceTree = "<group>"; };
		933FAB531FA87A5600B1D38B /* sampleData.h */ = {isa = PBXFileReference; lastKnownFileType = sourcecode.c.h; path = sampleData.h; sourceTree = "<group>"; };
		933FAB541FA87E7900B1D38B /* marketmanager.cpp */ = {isa = PBXFileReference; fileEncoding = 4; lastKnownFileType = sourcecode.cpp.cpp; path = marketmanager.cpp; sourceTree = "<group>"; };
		933FAB551FA87E7900B1D38B /* marketmanager.hpp */ = {isa = PBXFileReference; fileEncoding = 4; lastKnownFileType = sourcecode.cpp.h; path = marketmanager.hpp; sourceTree = "<group>"; };
		933FAB571FA8834F00B1D38B /* business.hpp */ = {isa = PBXFileReference; lastKnownFileType = sourcecode.cpp.h; path = business.hpp; sourceTree = "<group>"; };
		933FAB591FA8841400B1D38B /* sector.hpp */ = {isa = PBXFileReference; fileEncoding = 4; lastKnownFileType = sourcecode.cpp.h; path = sector.hpp; sourceTree = "<group>"; };
		933FAB5B1FA88B5700B1D38B /* sectormanager.hpp */ = {isa = PBXFileReference; lastKnownFileType = sourcecode.cpp.h; path = sectormanager.hpp; sourceTree = "<group>"; };
		933FAB5C1FA893E400B1D38B /* consumer.hpp */ = {isa = PBXFileReference; lastKnownFileType = sourcecode.cpp.h; path = consumer.hpp; sourceTree = "<group>"; };
		933FAB5D1FA898F200B1D38B /* consumermanager.cpp */ = {isa = PBXFileReference; fileEncoding = 4; lastKnownFileType = sourcecode.cpp.cpp; path = consumermanager.cpp; sourceTree = "<group>"; };
		933FAB5E1FA898F200B1D38B /* consumermanager.hpp */ = {isa = PBXFileReference; fileEncoding = 4; lastKnownFileType = sourcecode.cpp.h; path = consumermanager.hpp; sourceTree = "<group>"; };
		934155BC1FA9DB0D00806922 /* mainwindow.cpp */ = {isa = PBXFileReference; fileEncoding = 4; lastKnownFileType = sourcecode.cpp.cpp; path = mainwindow.cpp; sourceTree = "<group>"; };
		934155BF1FA9DE9400806922 /* OpenGL.framework */ = {isa = PBXFileReference; lastKnownFileType = wrapper.framework; name = OpenGL.framework; path = System/Library/Frameworks/OpenGL.framework; sourceTree = SDKROOT; };
		934155C11FA9E0C300806922 /* libglfw3.a */ = {isa = PBXFileReference; lastKnownFileType = archive.ar; name = libglfw3.a; path = "../../Downloads/glfw-3.2.1/src/libglfw3.a"; sourceTree = "<group>"; };
		934155C41FA9E14600806922 /* Cocoa.framework */ = {isa = PBXFileReference; lastKnownFileType = wrapper.framework; name = Cocoa.framework; path = System/Library/Frameworks/Cocoa.framework; sourceTree = SDKROOT; };
		934155C61FA9E14F00806922 /* CoreVideo.framework */ = {isa = PBXFileReference; lastKnownFileType = wrapper.framework; name = CoreVideo.framework; path = System/Library/Frameworks/CoreVideo.framework; sourceTree = SDKROOT; };
		934155C81FA9E15A00806922 /* IOKit.framework */ = {isa = PBXFileReference; lastKnownFileType = wrapper.framework; name = IOKit.framework; path = System/Library/Frameworks/IOKit.framework; sourceTree = SDKROOT; };
		937EB6841FA9EACC00CB2A7F /* libglfw.3.2.dylib */ = {isa = PBXFileReference; lastKnownFileType = "compiled.mach-o.dylib"; name = libglfw.3.2.dylib; path = ../../../../usr/local/lib/libglfw.3.2.dylib; sourceTree = "<group>"; };
		937EB6881FA9EBB500CB2A7F /* libglfw.3.2.dylib */ = {isa = PBXFileReference; lastKnownFileType = "compiled.mach-o.dylib"; name = libglfw.3.2.dylib; path = ../../../../usr/local/Cellar/glfw/3.2.1/lib/libglfw.3.2.dylib; sourceTree = "<group>"; };
		93FDA80A1FABF77D00DC6770 /* mainwindow.hpp */ = {isa = PBXFileReference; lastKnownFileType = sourcecode.cpp.h; path = mainwindow.hpp; sourceTree = "<group>"; };
		93FDA80B1FABFDCA00DC6770 /* libGLEW.2.1.0.dylib */ = {isa = PBXFileReference; lastKnownFileType = "compiled.mach-o.dylib"; name = libGLEW.2.1.0.dylib; path = ../../../../usr/local/Cellar/glew/2.1.0/lib/libGLEW.2.1.0.dylib; sourceTree = "<group>"; };
/* End PBXFileReference section */

/* Begin PBXFrameworksBuildPhase section */
		933FAB3F1FA86E5200B1D38B /* Frameworks */ = {
			isa = PBXFrameworksBuildPhase;
			buildActionMask = 2147483647;
			files = (
				93FDA80D1FABFF1200DC6770 /* libGLEW.2.1.0.dylib in Frameworks */,
				937EB68A1FA9EC4800CB2A7F /* libglfw.3.2.dylib in Frameworks */,
				934155CB1FA9E9B000806922 /* OpenGL.framework in Frameworks */,
			);
			runOnlyForDeploymentPostprocessing = 0;
		};
/* End PBXFrameworksBuildPhase section */

/* Begin PBXGroup section */
		933FAB391FA86E5200B1D38B = {
			isa = PBXGroup;
			children = (
				933FAB441FA86E5200B1D38B /* EconSim */,
				933FAB431FA86E5200B1D38B /* Products */,
				934155BE1FA9DE9400806922 /* Frameworks */,
			);
			sourceTree = "<group>";
		};
		933FAB431FA86E5200B1D38B /* Products */ = {
			isa = PBXGroup;
			children = (
				933FAB421FA86E5200B1D38B /* EconSim */,
			);
			name = Products;
			sourceTree = "<group>";
		};
		933FAB441FA86E5200B1D38B /* EconSim */ = {
			isa = PBXGroup;
			children = (
				934155BB1FA9C80300806922 /* GUI */,
				934155BA1FA9C7CB00806922 /* Model */,
				933FAB451FA86E5200B1D38B /* main.cpp */,
			);
			path = EconSim;
			sourceTree = "<group>";
		};
		934155BA1FA9C7CB00806922 /* Model */ = {
			isa = PBXGroup;
			children = (
				933FAB5C1FA893E400B1D38B /* consumer.hpp */,
				933FAB571FA8834F00B1D38B /* business.hpp */,
				933FAB591FA8841400B1D38B /* sector.hpp */,
				933FAB4C1FA86FD100B1D38B /* good.h */,
				933FAB4F1FA8780600B1D38B /* sampleData.cpp */,
				933FAB521FA878E900B1D38B /* goodmarket.h */,
				933FAB541FA87E7900B1D38B /* marketmanager.cpp */,
				933FAB551FA87E7900B1D38B /* marketmanager.hpp */,
				933FAB531FA87A5600B1D38B /* sampleData.h */,
				933FAB5B1FA88B5700B1D38B /* sectormanager.hpp */,
				933FAB5D1FA898F200B1D38B /* consumermanager.cpp */,
				933FAB5E1FA898F200B1D38B /* consumermanager.hpp */,
			);
			name = Model;
			sourceTree = "<group>";
		};
		934155BB1FA9C80300806922 /* GUI */ = {
			isa = PBXGroup;
			children = (
				934155BC1FA9DB0D00806922 /* mainwindow.cpp */,
				93FDA80A1FABF77D00DC6770 /* mainwindow.hpp */,
			);
			name = GUI;
			sourceTree = "<group>";
		};
		934155BE1FA9DE9400806922 /* Frameworks */ = {
			isa = PBXGroup;
			children = (
				93FDA80B1FABFDCA00DC6770 /* libGLEW.2.1.0.dylib */,
				937EB6881FA9EBB500CB2A7F /* libglfw.3.2.dylib */,
				937EB6841FA9EACC00CB2A7F /* libglfw.3.2.dylib */,
				934155C81FA9E15A00806922 /* IOKit.framework */,
				934155C61FA9E14F00806922 /* CoreVideo.framework */,
				934155C41FA9E14600806922 /* Cocoa.framework */,
				934155C11FA9E0C300806922 /* libglfw3.a */,
				934155BF1FA9DE9400806922 /* OpenGL.framework */,
			);
			name = Frameworks;
			sourceTree = "<group>";
		};
/* End PBXGroup section */

/* Begin PBXNativeTarget section */
		933FAB411FA86E5200B1D38B /* EconSim */ = {
			isa = PBXNativeTarget;
			buildConfigurationList = 933FAB491FA86E5200B1D38B /* Build configuration list for PBXNativeTarget "EconSim" */;
			buildPhases = (
				933FAB3E1FA86E5200B1D38B /* Sources */,
				933FAB3F1FA86E5200B1D38B /* Frameworks */,
				933FAB401FA86E5200B1D38B /* CopyFiles */,
			);
			buildRules = (
			);
			dependencies = (
			);
			name = EconSim;
			productName = EconSim;
			productReference = 933FAB421FA86E5200B1D38B /* EconSim */;
			productType = "com.apple.product-type.tool";
		};
/* End PBXNativeTarget section */

/* Begin PBXProject section */
		933FAB3A1FA86E5200B1D38B /* Project object */ = {
			isa = PBXProject;
			attributes = {
				LastUpgradeCheck = 0820;
				ORGANIZATIONNAME = "Grant Miller";
				TargetAttributes = {
					933FAB411FA86E5200B1D38B = {
						CreatedOnToolsVersion = 8.2.1;
						ProvisioningStyle = Automatic;
					};
				};
			};
			buildConfigurationList = 933FAB3D1FA86E5200B1D38B /* Build configuration list for PBXProject "EconSim" */;
			compatibilityVersion = "Xcode 3.2";
			developmentRegion = English;
			hasScannedForEncodings = 0;
			knownRegions = (
				en,
			);
			mainGroup = 933FAB391FA86E5200B1D38B;
			productRefGroup = 933FAB431FA86E5200B1D38B /* Products */;
			projectDirPath = "";
			projectRoot = "";
			targets = (
				933FAB411FA86E5200B1D38B /* EconSim */,
			);
		};
/* End PBXProject section */

/* Begin PBXSourcesBuildPhase section */
		933FAB3E1FA86E5200B1D38B /* Sources */ = {
			isa = PBXSourcesBuildPhase;
			buildActionMask = 2147483647;
			files = (
				933FAB561FA87E7900B1D38B /* marketmanager.cpp in Sources */,
				933FAB511FA8780600B1D38B /* sampleData.cpp in Sources */,
				933FAB461FA86E5200B1D38B /* main.cpp in Sources */,
				933FAB5F1FA898F200B1D38B /* consumermanager.cpp in Sources */,
				934155BD1FA9DB0D00806922 /* mainwindow.cpp in Sources */,
			);
			runOnlyForDeploymentPostprocessing = 0;
		};
/* End PBXSourcesBuildPhase section */

/* Begin XCBuildConfiguration section */
		933FAB471FA86E5200B1D38B /* Debug */ = {
			isa = XCBuildConfiguration;
			buildSettings = {
				ALWAYS_SEARCH_USER_PATHS = NO;
				CLANG_ANALYZER_NONNULL = YES;
				CLANG_CXX_LANGUAGE_STANDARD = "gnu++0x";
				CLANG_CXX_LIBRARY = "libc++";
				CLANG_ENABLE_MODULES = YES;
				CLANG_ENABLE_OBJC_ARC = YES;
				CLANG_WARN_BOOL_CONVERSION = YES;
				CLANG_WARN_CONSTANT_CONVERSION = YES;
				CLANG_WARN_DIRECT_OBJC_ISA_USAGE = YES_ERROR;
				CLANG_WARN_DOCUMENTATION_COMMENTS = YES;
				CLANG_WARN_EMPTY_BODY = YES;
				CLANG_WARN_ENUM_CONVERSION = YES;
				CLANG_WARN_INFINITE_RECURSION = YES;
				CLANG_WARN_INT_CONVERSION = YES;
				CLANG_WARN_OBJC_ROOT_CLASS = YES_ERROR;
				CLANG_WARN_SUSPICIOUS_MOVE = YES;
				CLANG_WARN_UNREACHABLE_CODE = YES;
				CLANG_WARN__DUPLICATE_METHOD_MATCH = YES;
				CODE_SIGN_IDENTITY = "-";
				COPY_PHASE_STRIP = NO;
				DEBUG_INFORMATION_FORMAT = dwarf;
				ENABLE_STRICT_OBJC_MSGSEND = YES;
				ENABLE_TESTABILITY = YES;
				GCC_C_LANGUAGE_STANDARD = gnu99;
				GCC_DYNAMIC_NO_PIC = NO;
				GCC_NO_COMMON_BLOCKS = YES;
				GCC_OPTIMIZATION_LEVEL = 0;
				GCC_PREPROCESSOR_DEFINITIONS = (
					"DEBUG=1",
					"$(inherited)",
				);
				GCC_WARN_64_TO_32_BIT_CONVERSION = YES;
				GCC_WARN_ABOUT_RETURN_TYPE = YES_ERROR;
				GCC_WARN_UNDECLARED_SELECTOR = YES;
				GCC_WARN_UNINITIALIZED_AUTOS = YES_AGGRESSIVE;
				GCC_WARN_UNUSED_FUNCTION = YES;
				GCC_WARN_UNUSED_VARIABLE = YES;
				MACOSX_DEPLOYMENT_TARGET = 10.11;
				MTL_ENABLE_DEBUG_INFO = YES;
				ONLY_ACTIVE_ARCH = YES;
				SDKROOT = macosx;
			};
			name = Debug;
		};
		933FAB481FA86E5200B1D38B /* Release */ = {
			isa = XCBuildConfiguration;
			buildSettings = {
				ALWAYS_SEARCH_USER_PATHS = NO;
				CLANG_ANALYZER_NONNULL = YES;
				CLANG_CXX_LANGUAGE_STANDARD = "gnu++0x";
				CLANG_CXX_LIBRARY = "libc++";
				CLANG_ENABLE_MODULES = YES;
				CLANG_ENABLE_OBJC_ARC = YES;
				CLANG_WARN_BOOL_CONVERSION = YES;
				CLANG_WARN_CONSTANT_CONVERSION = YES;
				CLANG_WARN_DIRECT_OBJC_ISA_USAGE = YES_ERROR;
				CLANG_WARN_DOCUMENTATION_COMMENTS = YES;
				CLANG_WARN_EMPTY_BODY = YES;
				CLANG_WARN_ENUM_CONVERSION = YES;
				CLANG_WARN_INFINITE_RECURSION = YES;
				CLANG_WARN_INT_CONVERSION = YES;
				CLANG_WARN_OBJC_ROOT_CLASS = YES_ERROR;
				CLANG_WARN_SUSPICIOUS_MOVE = YES;
				CLANG_WARN_UNREACHABLE_CODE = YES;
				CLANG_WARN__DUPLICATE_METHOD_MATCH = YES;
				CODE_SIGN_IDENTITY = "-";
				COPY_PHASE_STRIP = NO;
				DEBUG_INFORMATION_FORMAT = "dwarf-with-dsym";
				ENABLE_NS_ASSERTIONS = NO;
				ENABLE_STRICT_OBJC_MSGSEND = YES;
				GCC_C_LANGUAGE_STANDARD = gnu99;
				GCC_NO_COMMON_BLOCKS = YES;
				GCC_WARN_64_TO_32_BIT_CONVERSION = YES;
				GCC_WARN_ABOUT_RETURN_TYPE = YES_ERROR;
				GCC_WARN_UNDECLARED_SELECTOR = YES;
				GCC_WARN_UNINITIALIZED_AUTOS = YES_AGGRESSIVE;
				GCC_WARN_UNUSED_FUNCTION = YES;
				GCC_WARN_UNUSED_VARIABLE = YES;
				MACOSX_DEPLOYMENT_TARGET = 10.11;
				MTL_ENABLE_DEBUG_INFO = NO;
				SDKROOT = macosx;
			};
			name = Release;
		};
		933FAB4A1FA86E5200B1D38B /* Debug */ = {
			isa = XCBuildConfiguration;
			buildSettings = {
				ALWAYS_SEARCH_USER_PATHS = NO;
				ARCHS = "$(ARCHS_STANDARD_64_BIT)";
				"HEADER_SEARCH_PATHS[arch=*]" = /usr/local/include;
				LIBRARY_SEARCH_PATHS = (
					"$(inherited)",
					/usr/local/Cellar/glfw/3.2.1/lib,
					/usr/local/Cellar/glew/2.1.0/lib,
				);
				PRODUCT_NAME = "$(TARGET_NAME)";
				SDKROOT = macosx10.12;
			};
			name = Debug;
		};
		933FAB4B1FA86E5200B1D38B /* Release */ = {
			isa = XCBuildConfiguration;
			buildSettings = {
				ALWAYS_SEARCH_USER_PATHS = NO;
				ARCHS = "$(ARCHS_STANDARD_64_BIT)";
				"HEADER_SEARCH_PATHS[arch=*]" = /usr/local/include;
				LIBRARY_SEARCH_PATHS = (
					"$(inherited)",
					/usr/local/Cellar/glfw/3.2.1/lib,
					/usr/local/Cellar/glew/2.1.0/lib,
				);
				PRODUCT_NAME = "$(TARGET_NAME)";
				SDKROOT = macosx10.12;
			};
			name = Release;
		};
/* End XCBuildConfiguration section */

/* Begin XCConfigurationList section */
		933FAB3D1FA86E5200B1D38B /* Build configuration list for PBXProject "EconSim" */ = {
			isa = XCConfigurationList;
			buildConfigurations = (
				933FAB471FA86E5200B1D38B /* Debug */,
				933FAB481FA86E5200B1D38B /* Release */,
			);
			defaultConfigurationIsVisible = 0;
			defaultConfigurationName = Release;
		};
		933FAB491FA86E5200B1D38B /* Build configuration list for PBXNativeTarget "EconSim" */ = {
			isa = XCConfigurationList;
			buildConfigurations = (
				933FAB4A1FA86E5200B1D38B /* Debug */,
				933FAB4B1FA86E5200B1D38B /* Release */,
			);
			defaultConfigurationIsVisible = 0;
			defaultConfigurationName = Release;
		};
/* End XCConfigurationList section */
	};
	rootObject = 933FAB3A1FA86E5200B1D38B /* Project object */;
}
